
Microsoft Visual Studio Solution File, Format Version 12.00
# Visual Studio Version 16
VisualStudioVersion = 16.0.29613.14
MinimumVisualStudioVersion = 10.0.40219.1
Project("{FAE04EC0-301F-11D3-BF4B-00C04F79EFBC}") = "bilibiliFansBarrage", "bilibiliFansBarrage\bilibiliFansBarrage.csproj", "{7C5143FF-D6D1-4FE8-B159-6A0718388AE7}"
EndProject
Global
	GlobalSection(SolutionConfigurationPlatforms) = preSolution
		Debug|Any CPU = Debug|Any CPU
		Debug|x86 = Debug|x86
		Release|Any CPU = Release|Any CPU
		Release|x86 = Release|x86
	EndGlobalSection
	GlobalSection(ProjectConfigurationPlatforms) = postSolution
		{7C5143FF-D6D1-4FE8-B159-6A0718388AE7}.Debug|Any CPU.ActiveCfg = Debug|Any CPU
		{7C5143FF-D6D1-4FE8-B159-6A0718388AE7}.Debug|Any CPU.Build.0 = Debug|Any CPU
		{7C5143FF-D6D1-4FE8-B159-6A0718388AE7}.Debug|x86.ActiveCfg = Debug|Any CPU
		{7C5143FF-D6D1-4FE8-B159-6A0718388AE7}.Debug|x86.Build.0 = Debug|Any CPU
		{7C5143FF-D6D1-4FE8-B159-6A0718388AE7}.Release|Any CPU.ActiveCfg = Release|Any CPU
		{7C5143FF-D6D1-4FE8-B159-6A0718388AE7}.Release|Any CPU.Build.0 = Release|Any CPU
		{7C5143FF-D6D1-4FE8-B159-6A0718388AE7}.Release|x86.ActiveCfg = Release|Any CPU
		{7C5143FF-D6D1-4FE8-B159-6A0718388AE7}.Release|x86.Build.0 = Release|Any CPU
	EndGlobalSection
	GlobalSection(SolutionProperties) = preSolution
		HideSolutionNode = FALSE
	EndGlobalSection
	GlobalSection(ExtensibilityGlobals) = postSolution
		SolutionGuid = {65E6CED9-05A7-42B3-B87D-3A45E02360C8}
	EndGlobalSection
EndGlobal
